
Microsoft Visual Studio Solution File, Format Version 12.00
# Visual Studio Version 17
VisualStudioVersion = 17.5.002.0
MinimumVisualStudioVersion = 10.0.40219.1
Project("{9A19103F-16F7-4668-BE54-9A1E7A4F7556}") = "ConditionBuilder", "ConditionBuilder.csproj", "{601DA65F-6290-4F16-86A9-0AD085F05632}"
EndProject
Global
	GlobalSection(SolutionConfigurationPlatforms) = preSolution
		Debug|Any CPU = Debug|Any CPU
		Release|Any CPU = Release|Any CPU
	EndGlobalSection
	GlobalSection(ProjectConfigurationPlatforms) = postSolution
		{601DA65F-6290-4F16-86A9-0AD085F05632}.Debug|Any CPU.ActiveCfg = Debug|Any CPU
		{601DA65F-6290-4F16-86A9-0AD085F05632}.Debug|Any CPU.Build.0 = Debug|Any CPU
		{601DA65F-6290-4F16-86A9-0AD085F05632}.Release|Any CPU.ActiveCfg = Release|Any CPU
		{601DA65F-6290-4F16-86A9-0AD085F05632}.Release|Any CPU.Build.0 = Release|Any CPU
	EndGlobalSection
	GlobalSection(SolutionProperties) = preSolution
		HideSolutionNode = FALSE
	EndGlobalSection
	GlobalSection(ExtensibilityGlobals) = postSolution
		SolutionGuid = {8CA87512-B09F-4F22-A6AE-FD55A80F8FB7}
	EndGlobalSection
EndGlobal
